// !$*UTF8*$!
{
	archiveVersion = 1;
	classes = {
	};
	objectVersion = 46;
	objects = {

/* Begin PBXBuildFile section */
		98D52C551E5CD23500A956A9 /* AppDelegate.swift in Sources */ = {isa = PBXBuildFile; fileRef = 98D52C541E5CD23500A956A9 /* AppDelegate.swift */; };
		98D52C571E5CD23500A956A9 /* Assets.xcassets in Resources */ = {isa = PBXBuildFile; fileRef = 98D52C561E5CD23500A956A9 /* Assets.xcassets */; };
		98D52C5A1E5CD23500A956A9 /* MainMenu.xib in Resources */ = {isa = PBXBuildFile; fileRef = 98D52C581E5CD23500A956A9 /* MainMenu.xib */; };
/* End PBXBuildFile section */

/* Begin PBXFileReference section */
		98D52C511E5CD23500A956A9 /* Image2CSS.app */ = {isa = PBXFileReference; explicitFileType = wrapper.application; includeInIndex = 0; path = Image2CSS.app; sourceTree = BUILT_PRODUCTS_DIR; };
		98D52C541E5CD23500A956A9 /* AppDelegate.swift */ = {isa = PBXFileReference; lastKnownFileType = sourcecode.swift; path = AppDelegate.swift; sourceTree = "<group>"; };
		98D52C561E5CD23500A956A9 /* Assets.xcassets */ = {isa = PBXFileReference; lastKnownFileType = folder.assetcatalog; path = Assets.xcassets; sourceTree = "<group>"; };
		98D52C591E5CD23500A956A9 /* Base */ = {isa = PBXFileReference; lastKnownFileType = file.xib; name = Base; path = Base.lproj/MainMenu.xib; sourceTree = "<group>"; };
		98D52C5B1E5CD23500A956A9 /* Info.plist */ = {isa = PBXFileReference; lastKnownFileType = text.plist.xml; path = Info.plist; sourceTree = "<group>"; };
/* End PBXFileReference section */

/* Begin PBXFrameworksBuildPhase section */
		98D52C4E1E5CD23500A956A9 /* Frameworks */ = {
			isa = PBXFrameworksBuildPhase;
			buildActionMask = 2147483647;
			files = (
			);
			runOnlyForDeploymentPostprocessing = 0;
		};
/* End PBXFrameworksBuildPhase section */

/* Begin PBXGroup section */
		98D52C481E5CD23500A956A9 = {
			isa = PBXGroup;
			children = (
				98D52C531E5CD23500A956A9 /* Image2CSS */,
				98D52C521E5CD23500A956A9 /* Products */,
			);
			sourceTree = "<group>";
		};
		98D52C521E5CD23500A956A9 /* Products */ = {
			isa = PBXGroup;
			children = (
				98D52C511E5CD23500A956A9 /* Image2CSS.app */,
			);
			name = Products;
			sourceTree = "<group>";
		};
		98D52C531E5CD23500A956A9 /* Image2CSS */ = {
			isa = PBXGroup;
			children = (
				98D52C541E5CD23500A956A9 /* AppDelegate.swift */,
				98D52C561E5CD23500A956A9 /* Assets.xcassets */,
				98D52C581E5CD23500A956A9 /* MainMenu.xib */,
				98D52C5B1E5CD23500A956A9 /* Info.plist */,
			);
			path = Image2CSS;
			sourceTree = "<group>";
		};
/* End PBXGroup section */

/* Begin PBXNativeTarget section */
		98D52C501E5CD23500A956A9 /* Image2CSS */ = {
			isa = PBXNativeTarget;
			buildConfigurationList = 98D52C5E1E5CD23500A956A9 /* Build configuration list for PBXNativeTarget "Image2CSS" */;
			buildPhases = (
				98D52C4D1E5CD23500A956A9 /* Sources */,
				98D52C4E1E5CD23500A956A9 /* Frameworks */,
				98D52C4F1E5CD23500A956A9 /* Resources */,
			);
			buildRules = (
			);
			dependencies = (
			);
			name = Image2CSS;
			productName = Image2CSS;
			productReference = 98D52C511E5CD23500A956A9 /* Image2CSS.app */;
			productType = "com.apple.product-type.application";
		};
/* End PBXNativeTarget section */

/* Begin PBXProject section */
		98D52C491E5CD23500A956A9 /* Project object */ = {
			isa = PBXProject;
			attributes = {
				LastSwiftUpdateCheck = 0820;
				LastUpgradeCheck = 0820;
				ORGANIZATIONNAME = "Rory Mulligan";
				TargetAttributes = {
					98D52C501E5CD23500A956A9 = {
						CreatedOnToolsVersion = 8.2.1;
						DevelopmentTeam = LDG49ZTAY9;
						ProvisioningStyle = Automatic;
					};
				};
			};
			buildConfigurationList = 98D52C4C1E5CD23500A956A9 /* Build configuration list for PBXProject "Image2CSS" */;
			compatibilityVersion = "Xcode 3.2";
			developmentRegion = English;
			hasScannedForEncodings = 0;
			knownRegions = (
				en,
				Base,
			);
			mainGroup = 98D52C481E5CD23500A956A9;
			productRefGroup = 98D52C521E5CD23500A956A9 /* Products */;
			projectDirPath = "";
			projectRoot = "";
			targets = (
				98D52C501E5CD23500A956A9 /* Image2CSS */,
			);
		};
/* End PBXProject section */

/* Begin PBXResourcesBuildPhase section */
		98D52C4F1E5CD23500A956A9 /* Resources */ = {
			isa = PBXResourcesBuildPhase;
			buildActionMask = 2147483647;
			files = (
				98D52C571E5CD23500A956A9 /* Assets.xcassets in Resources */,
				98D52C5A1E5CD23500A956A9 /* MainMenu.xib in Resources */,
			);
			runOnlyForDeploymentPostprocessing = 0;
		};
/* End PBXResourcesBuildPhase section */

/* Begin PBXSourcesBuildPhase section */
		98D52C4D1E5CD23500A956A9 /* Sources */ = {
			isa = PBXSourcesBuildPhase;
			buildActionMask = 2147483647;
			files = (
				98D52C551E5CD23500A956A9 /* AppDelegate.swift in Sources */,
			);
			runOnlyForDeploymentPostprocessing = 0;
		};
/* End PBXSourcesBuildPhase section */

/* Begin PBXVariantGroup section */
		98D52C581E5CD23500A956A9 /* MainMenu.xib */ = {
			isa = PBXVariantGroup;
			children = (
				98D52C591E5CD23500A956A9 /* Base */,
			);
			name = MainMenu.xib;
			sourceTree = "<group>";
		};
/* End PBXVariantGroup section */

/* Begin XCBuildConfiguration section */
		98D52C5C1E5CD23500A956A9 /* Debug */ = {
			isa = XCBuildConfiguration;
			buildSettings = {
				ALWAYS_SEARCH_USER_PATHS = NO;
				CLANG_ANALYZER_NONNULL = YES;
				CLANG_CXX_LANGUAGE_STANDARD = "gnu++0x";
				CLANG_CXX_LIBRARY = "libc++";
				CLANG_ENABLE_MODULES = YES;
				CLANG_ENABLE_OBJC_ARC = YES;
				CLANG_WARN_BOOL_CONVERSION = YES;
				CLANG_WARN_CONSTANT_CONVERSION = YES;
				CLANG_WARN_DIRECT_OBJC_ISA_USAGE = YES_ERROR;
				CLANG_WARN_DOCUMENTATION_COMMENTS = YES;
				CLANG_WARN_EMPTY_BODY = YES;
				CLANG_WARN_ENUM_CONVERSION = YES;
				CLANG_WARN_INFINITE_RECURSION = YES;
				CLANG_WARN_INT_CONVERSION = YES;
				CLANG_WARN_OBJC_ROOT_CLASS = YES_ERROR;
				CLANG_WARN_SUSPICIOUS_MOVE = YES;
				CLANG_WARN_UNREACHABLE_CODE = YES;
				CLANG_WARN__DUPLICATE_METHOD_MATCH = YES;
				CODE_SIGN_IDENTITY = "-";
				COPY_PHASE_STRIP = NO;
				DEBUG_INFORMATION_FORMAT = dwarf;
				ENABLE_STRICT_OBJC_MSGSEND = YES;
				ENABLE_TESTABILITY = YES;
				GCC_C_LANGUAGE_STANDARD = gnu99;
				GCC_DYNAMIC_NO_PIC = NO;
				GCC_NO_COMMON_BLOCKS = YES;
				GCC_OPTIMIZATION_LEVEL = 0;
				GCC_PREPROCESSOR_DEFINITIONS = (
					"DEBUG=1",
					"$(inherited)",
				);
				GCC_WARN_64_TO_32_BIT_CONVERSION = YES;
				GCC_WARN_ABOUT_RETURN_TYPE = YES_ERROR;
				GCC_WARN_UNDECLARED_SELECTOR = YES;
				GCC_WARN_UNINITIALIZED_AUTOS = YES_AGGRESSIVE;
				GCC_WARN_UNUSED_FUNCTION = YES;
				GCC_WARN_UNUSED_VARIABLE = YES;
				MACOSX_DEPLOYMENT_TARGET = 10.12;
				MTL_ENABLE_DEBUG_INFO = YES;
				ONLY_ACTIVE_ARCH = YES;
				SDKROOT = macosx;
				SWIFT_ACTIVE_COMPILATION_CONDITIONS = DEBUG;
				SWIFT_OPTIMIZATION_LEVEL = "-Onone";
			};
			name = Debug;
		};
		98D52C5D1E5CD23500A956A9 /* Release */ = {
			isa = XCBuildConfiguration;
			buildSettings = {
				ALWAYS_SEARCH_USER_PATHS = NO;
				CLANG_ANALYZER_NONNULL = YES;
				CLANG_CXX_LANGUAGE_STANDARD = "gnu++0x";
				CLANG_CXX_LIBRARY = "libc++";
				CLANG_ENABLE_MODULES = YES;
				CLANG_ENABLE_OBJC_ARC = YES;
				CLANG_WARN_BOOL_CONVERSION = YES;
				CLANG_WARN_CONSTANT_CONVERSION = YES;
				CLANG_WARN_DIRECT_OBJC_ISA_USAGE = YES_ERROR;
				CLANG_WARN_DOCUMENTATION_COMMENTS = YES;
				CLANG_WARN_EMPTY_BODY = YES;
				CLANG_WARN_ENUM_CONVERSION = YES;
				CLANG_WARN_INFINITE_RECURSION = YES;
				CLANG_WARN_INT_CONVERSION = YES;
				CLANG_WARN_OBJC_ROOT_CLASS = YES_ERROR;
				CLANG_WARN_SUSPICIOUS_MOVE = YES;
				CLANG_WARN_UNREACHABLE_CODE = YES;
				CLANG_WARN__DUPLICATE_METHOD_MATCH = YES;
				CODE_SIGN_IDENTITY = "-";
				COPY_PHASE_STRIP = NO;
				DEBUG_INFORMATION_FORMAT = "dwarf-with-dsym";
				ENABLE_NS_ASSERTIONS = NO;
				ENABLE_STRICT_OBJC_MSGSEND = YES;
				GCC_C_LANGUAGE_STANDARD = gnu99;
				GCC_NO_COMMON_BLOCKS = YES;
				GCC_WARN_64_TO_32_BIT_CONVERSION = YES;
				GCC_WARN_ABOUT_RETURN_TYPE = YES_ERROR;
				GCC_WARN_UNDECLARED_SELECTOR = YES;
				GCC_WARN_UNINITIALIZED_AUTOS = YES_AGGRESSIVE;
				GCC_WARN_UNUSED_FUNCTION = YES;
				GCC_WARN_UNUSED_VARIABLE = YES;
				MACOSX_DEPLOYMENT_TARGET = 10.12;
				MTL_ENABLE_DEBUG_INFO = NO;
				SDKROOT = macosx;
				SWIFT_OPTIMIZATION_LEVEL = "-Owholemodule";
			};
			name = Release;
		};
		98D52C5F1E5CD23500A956A9 /* Debug */ = {
			isa = XCBuildConfiguration;
			buildSettings = {
				ASSETCATALOG_COMPILER_APPICON_NAME = AppIcon;
				COMBINE_HIDPI_IMAGES = YES;
				DEVELOPMENT_TEAM = LDG49ZTAY9;
				INFOPLIST_FILE = Image2CSS/Info.plist;
				LD_RUNPATH_SEARCH_PATHS = "$(inherited) @executable_path/../Frameworks";
				PRODUCT_BUNDLE_IDENTIFIER = us.rortic.Image2CSS;
				PRODUCT_NAME = "$(TARGET_NAME)";
				SWIFT_VERSION = 3.0;
			};
			name = Debug;
		};
		98D52C601E5CD23500A956A9 /* Release */ = {
			isa = XCBuildConfiguration;
			buildSettings = {
				ASSETCATALOG_COMPILER_APPICON_NAME = AppIcon;
				COMBINE_HIDPI_IMAGES = YES;
				DEVELOPMENT_TEAM = LDG49ZTAY9;
				INFOPLIST_FILE = Image2CSS/Info.plist;
				LD_RUNPATH_SEARCH_PATHS = "$(inherited) @executable_path/../Frameworks";
				PRODUCT_BUNDLE_IDENTIFIER = us.rortic.Image2CSS;
				PRODUCT_NAME = "$(TARGET_NAME)";
				SWIFT_VERSION = 3.0;
			};
			name = Release;
		};
/* End XCBuildConfiguration section */

/* Begin XCConfigurationList section */
		98D52C4C1E5CD23500A956A9 /* Build configuration list for PBXProject "Image2CSS" */ = {
			isa = XCConfigurationList;
			buildConfigurations = (
				98D52C5C1E5CD23500A956A9 /* Debug */,
				98D52C5D1E5CD23500A956A9 /* Release */,
			);
			defaultConfigurationIsVisible = 0;
			defaultConfigurationName = Release;
		};
		98D52C5E1E5CD23500A956A9 /* Build configuration list for PBXNativeTarget "Image2CSS" */ = {
			isa = XCConfigurationList;
			buildConfigurations = (
				98D52C5F1E5CD23500A956A9 /* Debug */,
				98D52C601E5CD23500A956A9 /* Release */,
			);
			defaultConfigurationIsVisible = 0;
		};
/* End XCConfigurationList section */
	};
	rootObject = 98D52C491E5CD23500A956A9 /* Project object */;
}
